
Microsoft Visual Studio Solution File, Format Version 12.00
# Visual Studio Version 17
VisualStudioVersion = 17.9.34607.119
MinimumVisualStudioVersion = 10.0.40219.1
Project("{FAE04EC0-301F-11D3-BF4B-00C04F79EFBC}") = "HttpSniffer", "HttpSniffer\HttpSniffer.csproj", "{7E765ABA-1A37-484E-9977-3A22104DB540}"
EndProject
Global
	GlobalSection(SolutionConfigurationPlatforms) = preSolution
		Debug|Any CPU = Debug|Any CPU
		Release|Any CPU = Release|Any CPU
	EndGlobalSection
	GlobalSection(ProjectConfigurationPlatforms) = postSolution
		{7E765ABA-1A37-484E-9977-3A22104DB540}.Debug|Any CPU.ActiveCfg = Debug|Any CPU
		{7E765ABA-1A37-484E-9977-3A22104DB540}.Debug|Any CPU.Build.0 = Debug|Any CPU
		{7E765ABA-1A37-484E-9977-3A22104DB540}.Release|Any CPU.ActiveCfg = Release|Any CPU
		{7E765ABA-1A37-484E-9977-3A22104DB540}.Release|Any CPU.Build.0 = Release|Any CPU
	EndGlobalSection
	GlobalSection(SolutionProperties) = preSolution
		HideSolutionNode = FALSE
	EndGlobalSection
	GlobalSection(ExtensibilityGlobals) = postSolution
		SolutionGuid = {9DFD31C1-A724-404F-9DD9-B51270DC1DEA}
	EndGlobalSection
EndGlobal
